// !$*UTF8*$!
{
	archiveVersion = 1;
	classes = {
	};
	objectVersion = 56;
	objects = {

/* Begin PBXBuildFile section */
		D50BD1622B9FE210007947C9 /* EarTrainingApp.swift in Sources */ = {isa = PBXBuildFile; fileRef = D50BD1612B9FE210007947C9 /* EarTrainingApp.swift */; };
		D50BD1642B9FE210007947C9 /* EqualizerView.swift in Sources */ = {isa = PBXBuildFile; fileRef = D50BD1632B9FE210007947C9 /* EqualizerView.swift */; };
		D50BD1662B9FE211007947C9 /* Assets.xcassets in Resources */ = {isa = PBXBuildFile; fileRef = D50BD1652B9FE211007947C9 /* Assets.xcassets */; };
		D50BD1692B9FE211007947C9 /* Preview Assets.xcassets in Resources */ = {isa = PBXBuildFile; fileRef = D50BD1682B9FE211007947C9 /* Preview Assets.xcassets */; };
		D537A2912BA2D358009B2AD5 /* AudioEngineModel.swift in Sources */ = {isa = PBXBuildFile; fileRef = D537A2902BA2D358009B2AD5 /* AudioEngineModel.swift */; };
		D537A2942BA2D840009B2AD5 /* EqualizerViewModel.swift in Sources */ = {isa = PBXBuildFile; fileRef = D537A2932BA2D840009B2AD5 /* EqualizerViewModel.swift */; };
		D5711AE22BA453C100B5C14D /* help.m4a in Resources */ = {isa = PBXBuildFile; fileRef = D537A2922BA2D4C8009B2AD5 /* help.m4a */; };
		D5711AE42BA4616100B5C14D /* EQBand.swift in Sources */ = {isa = PBXBuildFile; fileRef = D5711AE32BA4616100B5C14D /* EQBand.swift */; };
		D5B996482BA778B600084888 /* EqualizerModel.swift in Sources */ = {isa = PBXBuildFile; fileRef = D5B996472BA778B600084888 /* EqualizerModel.swift */; };
/* End PBXBuildFile section */

/* Begin PBXFileReference section */
		D50BD15E2B9FE210007947C9 /* Ear Training App.app */ = {isa = PBXFileReference; explicitFileType = wrapper.application; includeInIndex = 0; path = "Ear Training App.app"; sourceTree = BUILT_PRODUCTS_DIR; };
		D50BD1612B9FE210007947C9 /* EarTrainingApp.swift */ = {isa = PBXFileReference; lastKnownFileType = sourcecode.swift; path = EarTrainingApp.swift; sourceTree = "<group>"; };
		D50BD1632B9FE210007947C9 /* EqualizerView.swift */ = {isa = PBXFileReference; lastKnownFileType = sourcecode.swift; path = EqualizerView.swift; sourceTree = "<group>"; };
		D50BD1652B9FE211007947C9 /* Assets.xcassets */ = {isa = PBXFileReference; lastKnownFileType = folder.assetcatalog; path = Assets.xcassets; sourceTree = "<group>"; };
		D50BD1682B9FE211007947C9 /* Preview Assets.xcassets */ = {isa = PBXFileReference; lastKnownFileType = folder.assetcatalog; path = "Preview Assets.xcassets"; sourceTree = "<group>"; };
		D537A2902BA2D358009B2AD5 /* AudioEngineModel.swift */ = {isa = PBXFileReference; lastKnownFileType = sourcecode.swift; path = AudioEngineModel.swift; sourceTree = "<group>"; };
		D537A2922BA2D4C8009B2AD5 /* help.m4a */ = {isa = PBXFileReference; lastKnownFileType = file; path = help.m4a; sourceTree = "<group>"; };
		D537A2932BA2D840009B2AD5 /* EqualizerViewModel.swift */ = {isa = PBXFileReference; lastKnownFileType = sourcecode.swift; path = EqualizerViewModel.swift; sourceTree = "<group>"; };
		D5711AE32BA4616100B5C14D /* EQBand.swift */ = {isa = PBXFileReference; lastKnownFileType = sourcecode.swift; path = EQBand.swift; sourceTree = "<group>"; };
		D5B996472BA778B600084888 /* EqualizerModel.swift */ = {isa = PBXFileReference; lastKnownFileType = sourcecode.swift; path = EqualizerModel.swift; sourceTree = "<group>"; };
/* End PBXFileReference section */

/* Begin PBXFrameworksBuildPhase section */
		D50BD15B2B9FE210007947C9 /* Frameworks */ = {
			isa = PBXFrameworksBuildPhase;
			buildActionMask = 2147483647;
			files = (
			);
			runOnlyForDeploymentPostprocessing = 0;
		};
/* End PBXFrameworksBuildPhase section */

/* Begin PBXGroup section */
		D50BD1552B9FE210007947C9 = {
			isa = PBXGroup;
			children = (
				D50BD1602B9FE210007947C9 /* Ear Training App */,
				D50BD15F2B9FE210007947C9 /* Products */,
			);
			sourceTree = "<group>";
		};
		D50BD15F2B9FE210007947C9 /* Products */ = {
			isa = PBXGroup;
			children = (
				D50BD15E2B9FE210007947C9 /* Ear Training App.app */,
			);
			name = Products;
			sourceTree = "<group>";
		};
		D50BD1602B9FE210007947C9 /* Ear Training App */ = {
			isa = PBXGroup;
			children = (
				D50BD1612B9FE210007947C9 /* EarTrainingApp.swift */,
				D537A2902BA2D358009B2AD5 /* AudioEngineModel.swift */,
				D5B996472BA778B600084888 /* EqualizerModel.swift */,
				D537A2932BA2D840009B2AD5 /* EqualizerViewModel.swift */,
				D50BD1632B9FE210007947C9 /* EqualizerView.swift */,
				D5711AE32BA4616100B5C14D /* EQBand.swift */,
				D50BD1652B9FE211007947C9 /* Assets.xcassets */,
				D50BD1672B9FE211007947C9 /* Preview Content */,
			);
			path = "Ear Training App";
			sourceTree = "<group>";
		};
		D50BD1672B9FE211007947C9 /* Preview Content */ = {
			isa = PBXGroup;
			children = (
				D537A2922BA2D4C8009B2AD5 /* help.m4a */,
				D50BD1682B9FE211007947C9 /* Preview Assets.xcassets */,
			);
			path = "Preview Content";
			sourceTree = "<group>";
		};
/* End PBXGroup section */

/* Begin PBXNativeTarget section */
		D50BD15D2B9FE210007947C9 /* Ear Training App */ = {
			isa = PBXNativeTarget;
			buildConfigurationList = D50BD16C2B9FE211007947C9 /* Build configuration list for PBXNativeTarget "Ear Training App" */;
			buildPhases = (
				D50BD15A2B9FE210007947C9 /* Sources */,
				D50BD15B2B9FE210007947C9 /* Frameworks */,
				D50BD15C2B9FE210007947C9 /* Resources */,
			);
			buildRules = (
			);
			dependencies = (
			);
			name = "Ear Training App";
			productName = "Ear Training App";
			productReference = D50BD15E2B9FE210007947C9 /* Ear Training App.app */;
			productType = "com.apple.product-type.application";
		};
/* End PBXNativeTarget section */

/* Begin PBXProject section */
		D50BD1562B9FE210007947C9 /* Project object */ = {
			isa = PBXProject;
			attributes = {
				BuildIndependentTargetsInParallel = 1;
				LastSwiftUpdateCheck = 1530;
				LastUpgradeCheck = 1530;
				TargetAttributes = {
					D50BD15D2B9FE210007947C9 = {
						CreatedOnToolsVersion = 15.3;
					};
				};
			};
			buildConfigurationList = D50BD1592B9FE210007947C9 /* Build configuration list for PBXProject "Ear Training App" */;
			compatibilityVersion = "Xcode 14.0";
			developmentRegion = en;
			hasScannedForEncodings = 0;
			knownRegions = (
				en,
				Base,
			);
			mainGroup = D50BD1552B9FE210007947C9;
			productRefGroup = D50BD15F2B9FE210007947C9 /* Products */;
			projectDirPath = "";
			projectRoot = "";
			targets = (
				D50BD15D2B9FE210007947C9 /* Ear Training App */,
			);
		};
/* End PBXProject section */

/* Begin PBXResourcesBuildPhase section */
		D50BD15C2B9FE210007947C9 /* Resources */ = {
			isa = PBXResourcesBuildPhase;
			buildActionMask = 2147483647;
			files = (
				D5711AE22BA453C100B5C14D /* help.m4a in Resources */,
				D50BD1692B9FE211007947C9 /* Preview Assets.xcassets in Resources */,
				D50BD1662B9FE211007947C9 /* Assets.xcassets in Resources */,
			);
			runOnlyForDeploymentPostprocessing = 0;
		};
/* End PBXResourcesBuildPhase section */

/* Begin PBXSourcesBuildPhase section */
		D50BD15A2B9FE210007947C9 /* Sources */ = {
			isa = PBXSourcesBuildPhase;
			buildActionMask = 2147483647;
			files = (
				D537A2942BA2D840009B2AD5 /* EqualizerViewModel.swift in Sources */,
				D5711AE42BA4616100B5C14D /* EQBand.swift in Sources */,
				D537A2912BA2D358009B2AD5 /* AudioEngineModel.swift in Sources */,
				D50BD1642B9FE210007947C9 /* EqualizerView.swift in Sources */,
				D5B996482BA778B600084888 /* EqualizerModel.swift in Sources */,
				D50BD1622B9FE210007947C9 /* EarTrainingApp.swift in Sources */,
			);
			runOnlyForDeploymentPostprocessing = 0;
		};
/* End PBXSourcesBuildPhase section */

/* Begin XCBuildConfiguration section */
		D50BD16A2B9FE211007947C9 /* Debug */ = {
			isa = XCBuildConfiguration;
			buildSettings = {
				ALWAYS_SEARCH_USER_PATHS = NO;
				ASSETCATALOG_COMPILER_GENERATE_SWIFT_ASSET_SYMBOL_EXTENSIONS = YES;
				CLANG_ANALYZER_NONNULL = YES;
				CLANG_ANALYZER_NUMBER_OBJECT_CONVERSION = YES_AGGRESSIVE;
				CLANG_CXX_LANGUAGE_STANDARD = "gnu++20";
				CLANG_ENABLE_MODULES = YES;
				CLANG_ENABLE_OBJC_ARC = YES;
				CLANG_ENABLE_OBJC_WEAK = YES;
				CLANG_WARN_BLOCK_CAPTURE_AUTORELEASING = YES;
				CLANG_WARN_BOOL_CONVERSION = YES;
				CLANG_WARN_COMMA = YES;
				CLANG_WARN_CONSTANT_CONVERSION = YES;
				CLANG_WARN_DEPRECATED_OBJC_IMPLEMENTATIONS = YES;
				CLANG_WARN_DIRECT_OBJC_ISA_USAGE = YES_ERROR;
				CLANG_WARN_DOCUMENTATION_COMMENTS = YES;
				CLANG_WARN_EMPTY_BODY = YES;
				CLANG_WARN_ENUM_CONVERSION = YES;
				CLANG_WARN_INFINITE_RECURSION = YES;
				CLANG_WARN_INT_CONVERSION = YES;
				CLANG_WARN_NON_LITERAL_NULL_CONVERSION = YES;
				CLANG_WARN_OBJC_IMPLICIT_RETAIN_SELF = YES;
				CLANG_WARN_OBJC_LITERAL_CONVERSION = YES;
				CLANG_WARN_OBJC_ROOT_CLASS = YES_ERROR;
				CLANG_WARN_QUOTED_INCLUDE_IN_FRAMEWORK_HEADER = YES;
				CLANG_WARN_RANGE_LOOP_ANALYSIS = YES;
				CLANG_WARN_STRICT_PROTOTYPES = YES;
				CLANG_WARN_SUSPICIOUS_MOVE = YES;
				CLANG_WARN_UNGUARDED_AVAILABILITY = YES_AGGRESSIVE;
				CLANG_WARN_UNREACHABLE_CODE = YES;
				CLANG_WARN__DUPLICATE_METHOD_MATCH = YES;
				COPY_PHASE_STRIP = NO;
				DEBUG_INFORMATION_FORMAT = dwarf;
				ENABLE_STRICT_OBJC_MSGSEND = YES;
				ENABLE_TESTABILITY = YES;
				ENABLE_USER_SCRIPT_SANDBOXING = YES;
				GCC_C_LANGUAGE_STANDARD = gnu17;
				GCC_DYNAMIC_NO_PIC = NO;
				GCC_NO_COMMON_BLOCKS = YES;
				GCC_OPTIMIZATION_LEVEL = 0;
				GCC_PREPROCESSOR_DEFINITIONS = (
					"DEBUG=1",
					"$(inherited)",
				);
				GCC_WARN_64_TO_32_BIT_CONVERSION = YES;
				GCC_WARN_ABOUT_RETURN_TYPE = YES_ERROR;
				GCC_WARN_UNDECLARED_SELECTOR = YES;
				GCC_WARN_UNINITIALIZED_AUTOS = YES_AGGRESSIVE;
				GCC_WARN_UNUSED_FUNCTION = YES;
				GCC_WARN_UNUSED_VARIABLE = YES;
				IPHONEOS_DEPLOYMENT_TARGET = 17.4;
				LOCALIZATION_PREFERS_STRING_CATALOGS = YES;
				MTL_ENABLE_DEBUG_INFO = INCLUDE_SOURCE;
				MTL_FAST_MATH = YES;
				ONLY_ACTIVE_ARCH = YES;
				SDKROOT = iphoneos;
				SWIFT_ACTIVE_COMPILATION_CONDITIONS = "DEBUG $(inherited)";
				SWIFT_OPTIMIZATION_LEVEL = "-Onone";
			};
			name = Debug;
		};
		D50BD16B2B9FE211007947C9 /* Release */ = {
			isa = XCBuildConfiguration;
			buildSettings = {
				ALWAYS_SEARCH_USER_PATHS = NO;
				ASSETCATALOG_COMPILER_GENERATE_SWIFT_ASSET_SYMBOL_EXTENSIONS = YES;
				CLANG_ANALYZER_NONNULL = YES;
				CLANG_ANALYZER_NUMBER_OBJECT_CONVERSION = YES_AGGRESSIVE;
				CLANG_CXX_LANGUAGE_STANDARD = "gnu++20";
				CLANG_ENABLE_MODULES = YES;
				CLANG_ENABLE_OBJC_ARC = YES;
				CLANG_ENABLE_OBJC_WEAK = YES;
				CLANG_WARN_BLOCK_CAPTURE_AUTORELEASING = YES;
				CLANG_WARN_BOOL_CONVERSION = YES;
				CLANG_WARN_COMMA = YES;
				CLANG_WARN_CONSTANT_CONVERSION = YES;
				CLANG_WARN_DEPRECATED_OBJC_IMPLEMENTATIONS = YES;
				CLANG_WARN_DIRECT_OBJC_ISA_USAGE = YES_ERROR;
				CLANG_WARN_DOCUMENTATION_COMMENTS = YES;
				CLANG_WARN_EMPTY_BODY = YES;
				CLANG_WARN_ENUM_CONVERSION = YES;
				CLANG_WARN_INFINITE_RECURSION = YES;
				CLANG_WARN_INT_CONVERSION = YES;
				CLANG_WARN_NON_LITERAL_NULL_CONVERSION = YES;
				CLANG_WARN_OBJC_IMPLICIT_RETAIN_SELF = YES;
				CLANG_WARN_OBJC_LITERAL_CONVERSION = YES;
				CLANG_WARN_OBJC_ROOT_CLASS = YES_ERROR;
				CLANG_WARN_QUOTED_INCLUDE_IN_FRAMEWORK_HEADER = YES;
				CLANG_WARN_RANGE_LOOP_ANALYSIS = YES;
				CLANG_WARN_STRICT_PROTOTYPES = YES;
				CLANG_WARN_SUSPICIOUS_MOVE = YES;
				CLANG_WARN_UNGUARDED_AVAILABILITY = YES_AGGRESSIVE;
				CLANG_WARN_UNREACHABLE_CODE = YES;
				CLANG_WARN__DUPLICATE_METHOD_MATCH = YES;
				COPY_PHASE_STRIP = NO;
				DEBUG_INFORMATION_FORMAT = "dwarf-with-dsym";
				ENABLE_NS_ASSERTIONS = NO;
				ENABLE_STRICT_OBJC_MSGSEND = YES;
				ENABLE_USER_SCRIPT_SANDBOXING = YES;
				GCC_C_LANGUAGE_STANDARD = gnu17;
				GCC_NO_COMMON_BLOCKS = YES;
				GCC_WARN_64_TO_32_BIT_CONVERSION = YES;
				GCC_WARN_ABOUT_RETURN_TYPE = YES_ERROR;
				GCC_WARN_UNDECLARED_SELECTOR = YES;
				GCC_WARN_UNINITIALIZED_AUTOS = YES_AGGRESSIVE;
				GCC_WARN_UNUSED_FUNCTION = YES;
				GCC_WARN_UNUSED_VARIABLE = YES;
				IPHONEOS_DEPLOYMENT_TARGET = 17.4;
				LOCALIZATION_PREFERS_STRING_CATALOGS = YES;
				MTL_ENABLE_DEBUG_INFO = NO;
				MTL_FAST_MATH = YES;
				SDKROOT = iphoneos;
				SWIFT_COMPILATION_MODE = wholemodule;
				VALIDATE_PRODUCT = YES;
			};
			name = Release;
		};
		D50BD16D2B9FE211007947C9 /* Debug */ = {
			isa = XCBuildConfiguration;
			buildSettings = {
				ASSETCATALOG_COMPILER_APPICON_NAME = AppIcon;
				ASSETCATALOG_COMPILER_GLOBAL_ACCENT_COLOR_NAME = AccentColor;
				CODE_SIGN_STYLE = Automatic;
				CURRENT_PROJECT_VERSION = 1;
				DEVELOPMENT_ASSET_PATHS = "\"Ear Training App/Preview Content\"";
				ENABLE_PREVIEWS = YES;
				GENERATE_INFOPLIST_FILE = YES;
				INFOPLIST_KEY_UIApplicationSceneManifest_Generation = YES;
				INFOPLIST_KEY_UIApplicationSupportsIndirectInputEvents = YES;
				INFOPLIST_KEY_UILaunchScreen_Generation = YES;
				INFOPLIST_KEY_UISupportedInterfaceOrientations_iPad = "UIInterfaceOrientationPortrait UIInterfaceOrientationPortraitUpsideDown UIInterfaceOrientationLandscapeLeft UIInterfaceOrientationLandscapeRight";
				INFOPLIST_KEY_UISupportedInterfaceOrientations_iPhone = "UIInterfaceOrientationPortrait UIInterfaceOrientationLandscapeLeft UIInterfaceOrientationLandscapeRight";
				LD_RUNPATH_SEARCH_PATHS = (
					"$(inherited)",
					"@executable_path/Frameworks",
				);
				MARKETING_VERSION = 1.0;
				PRODUCT_BUNDLE_IDENTIFIER = "jacobyoostudios.Ear-Training-App";
				PRODUCT_NAME = "$(TARGET_NAME)";
				SWIFT_EMIT_LOC_STRINGS = YES;
				SWIFT_VERSION = 5.0;
				TARGETED_DEVICE_FAMILY = "1,2";
			};
			name = Debug;
		};
		D50BD16E2B9FE211007947C9 /* Release */ = {
			isa = XCBuildConfiguration;
			buildSettings = {
				ASSETCATALOG_COMPILER_APPICON_NAME = AppIcon;
				ASSETCATALOG_COMPILER_GLOBAL_ACCENT_COLOR_NAME = AccentColor;
				CODE_SIGN_STYLE = Automatic;
				CURRENT_PROJECT_VERSION = 1;
				DEVELOPMENT_ASSET_PATHS = "\"Ear Training App/Preview Content\"";
				ENABLE_PREVIEWS = YES;
				GENERATE_INFOPLIST_FILE = YES;
				INFOPLIST_KEY_UIApplicationSceneManifest_Generation = YES;
				INFOPLIST_KEY_UIApplicationSupportsIndirectInputEvents = YES;
				INFOPLIST_KEY_UILaunchScreen_Generation = YES;
				INFOPLIST_KEY_UISupportedInterfaceOrientations_iPad = "UIInterfaceOrientationPortrait UIInterfaceOrientationPortraitUpsideDown UIInterfaceOrientationLandscapeLeft UIInterfaceOrientationLandscapeRight";
				INFOPLIST_KEY_UISupportedInterfaceOrientations_iPhone = "UIInterfaceOrientationPortrait UIInterfaceOrientationLandscapeLeft UIInterfaceOrientationLandscapeRight";
				LD_RUNPATH_SEARCH_PATHS = (
					"$(inherited)",
					"@executable_path/Frameworks",
				);
				MARKETING_VERSION = 1.0;
				PRODUCT_BUNDLE_IDENTIFIER = "jacobyoostudios.Ear-Training-App";
				PRODUCT_NAME = "$(TARGET_NAME)";
				SWIFT_EMIT_LOC_STRINGS = YES;
				SWIFT_VERSION = 5.0;
				TARGETED_DEVICE_FAMILY = "1,2";
			};
			name = Release;
		};
/* End XCBuildConfiguration section */

/* Begin XCConfigurationList section */
		D50BD1592B9FE210007947C9 /* Build configuration list for PBXProject "Ear Training App" */ = {
			isa = XCConfigurationList;
			buildConfigurations = (
				D50BD16A2B9FE211007947C9 /* Debug */,
				D50BD16B2B9FE211007947C9 /* Release */,
			);
			defaultConfigurationIsVisible = 0;
			defaultConfigurationName = Release;
		};
		D50BD16C2B9FE211007947C9 /* Build configuration list for PBXNativeTarget "Ear Training App" */ = {
			isa = XCConfigurationList;
			buildConfigurations = (
				D50BD16D2B9FE211007947C9 /* Debug */,
				D50BD16E2B9FE211007947C9 /* Release */,
			);
			defaultConfigurationIsVisible = 0;
			defaultConfigurationName = Release;
		};
/* End XCConfigurationList section */
	};
	rootObject = D50BD1562B9FE210007947C9 /* Project object */;
}
